// !$*UTF8*$!
{
	archiveVersion = 1;
	classes = {
	};
	objectVersion = 46;
	objects = {

/* Begin PBXBuildFile section */
		D8C0F8B41C9168CC00FA89C0 /* main.m in Sources */ = {isa = PBXBuildFile; fileRef = D8C0F8B31C9168CC00FA89C0 /* main.m */; };
		D8C0F8B71C9168CC00FA89C0 /* AppDelegate.m in Sources */ = {isa = PBXBuildFile; fileRef = D8C0F8B61C9168CC00FA89C0 /* AppDelegate.m */; };
		D8C0F8BA1C9168CC00FA89C0 /* ViewController.m in Sources */ = {isa = PBXBuildFile; fileRef = D8C0F8B91C9168CC00FA89C0 /* ViewController.m */; };
		D8C0F8BD1C9168CC00FA89C0 /* Main.storyboard in Resources */ = {isa = PBXBuildFile; fileRef = D8C0F8BB1C9168CC00FA89C0 /* Main.storyboard */; };
		D8C0F8BF1C9168CC00FA89C0 /* Assets.xcassets in Resources */ = {isa = PBXBuildFile; fileRef = D8C0F8BE1C9168CC00FA89C0 /* Assets.xcassets */; };
		D8C0F8C21C9168CC00FA89C0 /* LaunchScreen.storyboard in Resources */ = {isa = PBXBuildFile; fileRef = D8C0F8C01C9168CC00FA89C0 /* LaunchScreen.storyboard */; };
		D8C0F8CD1C9168CC00FA89C0 /* RuntimeDemoTests.m in Sources */ = {isa = PBXBuildFile; fileRef = D8C0F8CC1C9168CC00FA89C0 /* RuntimeDemoTests.m */; };
		D8C0F8D81C9168CC00FA89C0 /* RuntimeDemoUITests.m in Sources */ = {isa = PBXBuildFile; fileRef = D8C0F8D71C9168CC00FA89C0 /* RuntimeDemoUITests.m */; };
/* End PBXBuildFile section */

/* Begin PBXContainerItemProxy section */
		D8C0F8C91C9168CC00FA89C0 /* PBXContainerItemProxy */ = {
			isa = PBXContainerItemProxy;
			containerPortal = D8C0F8A71C9168CC00FA89C0 /* Project object */;
			proxyType = 1;
			remoteGlobalIDString = D8C0F8AE1C9168CC00FA89C0;
			remoteInfo = RuntimeDemo;
		};
		D8C0F8D41C9168CC00FA89C0 /* PBXContainerItemProxy */ = {
			isa = PBXContainerItemProxy;
			containerPortal = D8C0F8A71C9168CC00FA89C0 /* Project object */;
			proxyType = 1;
			remoteGlobalIDString = D8C0F8AE1C9168CC00FA89C0;
			remoteInfo = RuntimeDemo;
		};
/* End PBXContainerItemProxy section */

/* Begin PBXFileReference section */
		D8C0F8AF1C9168CC00FA89C0 /* RuntimeDemo.app */ = {isa = PBXFileReference; explicitFileType = wrapper.application; includeInIndex = 0; path = RuntimeDemo.app; sourceTree = BUILT_PRODUCTS_DIR; };
		D8C0F8B31C9168CC00FA89C0 /* main.m */ = {isa = PBXFileReference; lastKnownFileType = sourcecode.c.objc; path = main.m; sourceTree = "<group>"; };
		D8C0F8B51C9168CC00FA89C0 /* AppDelegate.h */ = {isa = PBXFileReference; lastKnownFileType = sourcecode.c.h; path = AppDelegate.h; sourceTree = "<group>"; };
		D8C0F8B61C9168CC00FA89C0 /* AppDelegate.m */ = {isa = PBXFileReference; lastKnownFileType = sourcecode.c.objc; path = AppDelegate.m; sourceTree = "<group>"; };
		D8C0F8B81C9168CC00FA89C0 /* ViewController.h */ = {isa = PBXFileReference; lastKnownFileType = sourcecode.c.h; path = ViewController.h; sourceTree = "<group>"; };
		D8C0F8B91C9168CC00FA89C0 /* ViewController.m */ = {isa = PBXFileReference; lastKnownFileType = sourcecode.c.objc; path = ViewController.m; sourceTree = "<group>"; };
		D8C0F8BC1C9168CC00FA89C0 /* Base */ = {isa = PBXFileReference; lastKnownFileType = file.storyboard; name = Base; path = Base.lproj/Main.storyboard; sourceTree = "<group>"; };
		D8C0F8BE1C9168CC00FA89C0 /* Assets.xcassets */ = {isa = PBXFileReference; lastKnownFileType = folder.assetcatalog; path = Assets.xcassets; sourceTree = "<group>"; };
		D8C0F8C11C9168CC00FA89C0 /* Base */ = {isa = PBXFileReference; lastKnownFileType = file.storyboard; name = Base; path = Base.lproj/LaunchScreen.storyboard; sourceTree = "<group>"; };
		D8C0F8C31C9168CC00FA89C0 /* Info.plist */ = {isa = PBXFileReference; lastKnownFileType = text.plist.xml; path = Info.plist; sourceTree = "<group>"; };
		D8C0F8C81C9168CC00FA89C0 /* RuntimeDemoTests.xctest */ = {isa = PBXFileReference; explicitFileType = wrapper.cfbundle; includeInIndex = 0; path = RuntimeDemoTests.xctest; sourceTree = BUILT_PRODUCTS_DIR; };
		D8C0F8CC1C9168CC00FA89C0 /* RuntimeDemoTests.m */ = {isa = PBXFileReference; lastKnownFileType = sourcecode.c.objc; path = RuntimeDemoTests.m; sourceTree = "<group>"; };
		D8C0F8CE1C9168CC00FA89C0 /* Info.plist */ = {isa = PBXFileReference; lastKnownFileType = text.plist.xml; path = Info.plist; sourceTree = "<group>"; };
		D8C0F8D31C9168CC00FA89C0 /* RuntimeDemoUITests.xctest */ = {isa = PBXFileReference; explicitFileType = wrapper.cfbundle; includeInIndex = 0; path = RuntimeDemoUITests.xctest; sourceTree = BUILT_PRODUCTS_DIR; };
		D8C0F8D71C9168CC00FA89C0 /* RuntimeDemoUITests.m */ = {isa = PBXFileReference; lastKnownFileType = sourcecode.c.objc; path = RuntimeDemoUITests.m; sourceTree = "<group>"; };
		D8C0F8D91C9168CC00FA89C0 /* Info.plist */ = {isa = PBXFileReference; lastKnownFileType = text.plist.xml; path = Info.plist; sourceTree = "<group>"; };
/* End PBXFileReference section */

/* Begin PBXFrameworksBuildPhase section */
		D8C0F8AC1C9168CC00FA89C0 /* Frameworks */ = {
			isa = PBXFrameworksBuildPhase;
			buildActionMask = 2147483647;
			files = (
			);
			runOnlyForDeploymentPostprocessing = 0;
		};
		D8C0F8C51C9168CC00FA89C0 /* Frameworks */ = {
			isa = PBXFrameworksBuildPhase;
			buildActionMask = 2147483647;
			files = (
			);
			runOnlyForDeploymentPostprocessing = 0;
		};
		D8C0F8D01C9168CC00FA89C0 /* Frameworks */ = {
			isa = PBXFrameworksBuildPhase;
			buildActionMask = 2147483647;
			files = (
			);
			runOnlyForDeploymentPostprocessing = 0;
		};
/* End PBXFrameworksBuildPhase section */

/* Begin PBXGroup section */
		D8C0F8A61C9168CC00FA89C0 = {
			isa = PBXGroup;
			children = (
				D8C0F8B11C9168CC00FA89C0 /* RuntimeDemo */,
				D8C0F8CB1C9168CC00FA89C0 /* RuntimeDemoTests */,
				D8C0F8D61C9168CC00FA89C0 /* RuntimeDemoUITests */,
				D8C0F8B01C9168CC00FA89C0 /* Products */,
			);
			sourceTree = "<group>";
		};
		D8C0F8B01C9168CC00FA89C0 /* Products */ = {
			isa = PBXGroup;
			children = (
				D8C0F8AF1C9168CC00FA89C0 /* RuntimeDemo.app */,
				D8C0F8C81C9168CC00FA89C0 /* RuntimeDemoTests.xctest */,
				D8C0F8D31C9168CC00FA89C0 /* RuntimeDemoUITests.xctest */,
			);
			name = Products;
			sourceTree = "<group>";
		};
		D8C0F8B11C9168CC00FA89C0 /* RuntimeDemo */ = {
			isa = PBXGroup;
			children = (
				D8C0F8B51C9168CC00FA89C0 /* AppDelegate.h */,
				D8C0F8B61C9168CC00FA89C0 /* AppDelegate.m */,
				D8C0F8B81C9168CC00FA89C0 /* ViewController.h */,
				D8C0F8B91C9168CC00FA89C0 /* ViewController.m */,
				D8C0F8BB1C9168CC00FA89C0 /* Main.storyboard */,
				D8C0F8BE1C9168CC00FA89C0 /* Assets.xcassets */,
				D8C0F8C01C9168CC00FA89C0 /* LaunchScreen.storyboard */,
				D8C0F8C31C9168CC00FA89C0 /* Info.plist */,
				D8C0F8B21C9168CC00FA89C0 /* Supporting Files */,
			);
			path = RuntimeDemo;
			sourceTree = "<group>";
		};
		D8C0F8B21C9168CC00FA89C0 /* Supporting Files */ = {
			isa = PBXGroup;
			children = (
				D8C0F8B31C9168CC00FA89C0 /* main.m */,
			);
			name = "Supporting Files";
			sourceTree = "<group>";
		};
		D8C0F8CB1C9168CC00FA89C0 /* RuntimeDemoTests */ = {
			isa = PBXGroup;
			children = (
				D8C0F8CC1C9168CC00FA89C0 /* RuntimeDemoTests.m */,
				D8C0F8CE1C9168CC00FA89C0 /* Info.plist */,
			);
			path = RuntimeDemoTests;
			sourceTree = "<group>";
		};
		D8C0F8D61C9168CC00FA89C0 /* RuntimeDemoUITests */ = {
			isa = PBXGroup;
			children = (
				D8C0F8D71C9168CC00FA89C0 /* RuntimeDemoUITests.m */,
				D8C0F8D91C9168CC00FA89C0 /* Info.plist */,
			);
			path = RuntimeDemoUITests;
			sourceTree = "<group>";
		};
/* End PBXGroup section */

/* Begin PBXNativeTarget section */
		D8C0F8AE1C9168CC00FA89C0 /* RuntimeDemo */ = {
			isa = PBXNativeTarget;
			buildConfigurationList = D8C0F8DC1C9168CC00FA89C0 /* Build configuration list for PBXNativeTarget "RuntimeDemo" */;
			buildPhases = (
				D8C0F8AB1C9168CC00FA89C0 /* Sources */,
				D8C0F8AC1C9168CC00FA89C0 /* Frameworks */,
				D8C0F8AD1C9168CC00FA89C0 /* Resources */,
			);
			buildRules = (
			);
			dependencies = (
			);
			name = RuntimeDemo;
			productName = RuntimeDemo;
			productReference = D8C0F8AF1C9168CC00FA89C0 /* RuntimeDemo.app */;
			productType = "com.apple.product-type.application";
		};
		D8C0F8C71C9168CC00FA89C0 /* RuntimeDemoTests */ = {
			isa = PBXNativeTarget;
			buildConfigurationList = D8C0F8DF1C9168CC00FA89C0 /* Build configuration list for PBXNativeTarget "RuntimeDemoTests" */;
			buildPhases = (
				D8C0F8C41C9168CC00FA89C0 /* Sources */,
				D8C0F8C51C9168CC00FA89C0 /* Frameworks */,
				D8C0F8C61C9168CC00FA89C0 /* Resources */,
			);
			buildRules = (
			);
			dependencies = (
				D8C0F8CA1C9168CC00FA89C0 /* PBXTargetDependency */,
			);
			name = RuntimeDemoTests;
			productName = RuntimeDemoTests;
			productReference = D8C0F8C81C9168CC00FA89C0 /* RuntimeDemoTests.xctest */;
			productType = "com.apple.product-type.bundle.unit-test";
		};
		D8C0F8D21C9168CC00FA89C0 /* RuntimeDemoUITests */ = {
			isa = PBXNativeTarget;
			buildConfigurationList = D8C0F8E21C9168CC00FA89C0 /* Build configuration list for PBXNativeTarget "RuntimeDemoUITests" */;
			buildPhases = (
				D8C0F8CF1C9168CC00FA89C0 /* Sources */,
				D8C0F8D01C9168CC00FA89C0 /* Frameworks */,
				D8C0F8D11C9168CC00FA89C0 /* Resources */,
			);
			buildRules = (
			);
			dependencies = (
				D8C0F8D51C9168CC00FA89C0 /* PBXTargetDependency */,
			);
			name = RuntimeDemoUITests;
			productName = RuntimeDemoUITests;
			productReference = D8C0F8D31C9168CC00FA89C0 /* RuntimeDemoUITests.xctest */;
			productType = "com.apple.product-type.bundle.ui-testing";
		};
/* End PBXNativeTarget section */

/* Begin PBXProject section */
		D8C0F8A71C9168CC00FA89C0 /* Project object */ = {
			isa = PBXProject;
			attributes = {
				LastUpgradeCheck = 0720;
				ORGANIZATIONNAME = easywed.cn;
				TargetAttributes = {
					D8C0F8AE1C9168CC00FA89C0 = {
						CreatedOnToolsVersion = 7.2;
					};
					D8C0F8C71C9168CC00FA89C0 = {
						CreatedOnToolsVersion = 7.2;
						TestTargetID = D8C0F8AE1C9168CC00FA89C0;
					};
					D8C0F8D21C9168CC00FA89C0 = {
						CreatedOnToolsVersion = 7.2;
						TestTargetID = D8C0F8AE1C9168CC00FA89C0;
					};
				};
			};
			buildConfigurationList = D8C0F8AA1C9168CC00FA89C0 /* Build configuration list for PBXProject "RuntimeDemo" */;
			compatibilityVersion = "Xcode 3.2";
			developmentRegion = English;
			hasScannedForEncodings = 0;
			knownRegions = (
				en,
				Base,
			);
			mainGroup = D8C0F8A61C9168CC00FA89C0;
			productRefGroup = D8C0F8B01C9168CC00FA89C0 /* Products */;
			projectDirPath = "";
			projectRoot = "";
			targets = (
				D8C0F8AE1C9168CC00FA89C0 /* RuntimeDemo */,
				D8C0F8C71C9168CC00FA89C0 /* RuntimeDemoTests */,
				D8C0F8D21C9168CC00FA89C0 /* RuntimeDemoUITests */,
			);
		};
/* End PBXProject section */

/* Begin PBXResourcesBuildPhase section */
		D8C0F8AD1C9168CC00FA89C0 /* Resources */ = {
			isa = PBXResourcesBuildPhase;
			buildActionMask = 2147483647;
			files = (
				D8C0F8C21C9168CC00FA89C0 /* LaunchScreen.storyboard in Resources */,
				D8C0F8BF1C9168CC00FA89C0 /* Assets.xcassets in Resources */,
				D8C0F8BD1C9168CC00FA89C0 /* Main.storyboard in Resources */,
			);
			runOnlyForDeploymentPostprocessing = 0;
		};
		D8C0F8C61C9168CC00FA89C0 /* Resources */ = {
			isa = PBXResourcesBuildPhase;
			buildActionMask = 2147483647;
			files = (
			);
			runOnlyForDeploymentPostprocessing = 0;
		};
		D8C0F8D11C9168CC00FA89C0 /* Resources */ = {
			isa = PBXResourcesBuildPhase;
			buildActionMask = 2147483647;
			files = (
			);
			runOnlyForDeploymentPostprocessing = 0;
		};
/* End PBXResourcesBuildPhase section */

/* Begin PBXSourcesBuildPhase section */
		D8C0F8AB1C9168CC00FA89C0 /* Sources */ = {
			isa = PBXSourcesBuildPhase;
			buildActionMask = 2147483647;
			files = (
				D8C0F8BA1C9168CC00FA89C0 /* ViewController.m in Sources */,
				D8C0F8B71C9168CC00FA89C0 /* AppDelegate.m in Sources */,
				D8C0F8B41C9168CC00FA89C0 /* main.m in Sources */,
			);
			runOnlyForDeploymentPostprocessing = 0;
		};
		D8C0F8C41C9168CC00FA89C0 /* Sources */ = {
			isa = PBXSourcesBuildPhase;
			buildActionMask = 2147483647;
			files = (
				D8C0F8CD1C9168CC00FA89C0 /* RuntimeDemoTests.m in Sources */,
			);
			runOnlyForDeploymentPostprocessing = 0;
		};
		D8C0F8CF1C9168CC00FA89C0 /* Sources */ = {
			isa = PBXSourcesBuildPhase;
			buildActionMask = 2147483647;
			files = (
				D8C0F8D81C9168CC00FA89C0 /* RuntimeDemoUITests.m in Sources */,
			);
			runOnlyForDeploymentPostprocessing = 0;
		};
/* End PBXSourcesBuildPhase section */

/* Begin PBXTargetDependency section */
		D8C0F8CA1C9168CC00FA89C0 /* PBXTargetDependency */ = {
			isa = PBXTargetDependency;
			target = D8C0F8AE1C9168CC00FA89C0 /* RuntimeDemo */;
			targetProxy = D8C0F8C91C9168CC00FA89C0 /* PBXContainerItemProxy */;
		};
		D8C0F8D51C9168CC00FA89C0 /* PBXTargetDependency */ = {
			isa = PBXTargetDependency;
			target = D8C0F8AE1C9168CC00FA89C0 /* RuntimeDemo */;
			targetProxy = D8C0F8D41C9168CC00FA89C0 /* PBXContainerItemProxy */;
		};
/* End PBXTargetDependency section */

/* Begin PBXVariantGroup section */
		D8C0F8BB1C9168CC00FA89C0 /* Main.storyboard */ = {
			isa = PBXVariantGroup;
			children = (
				D8C0F8BC1C9168CC00FA89C0 /* Base */,
			);
			name = Main.storyboard;
			sourceTree = "<group>";
		};
		D8C0F8C01C9168CC00FA89C0 /* LaunchScreen.storyboard */ = {
			isa = PBXVariantGroup;
			children = (
				D8C0F8C11C9168CC00FA89C0 /* Base */,
			);
			name = LaunchScreen.storyboard;
			sourceTree = "<group>";
		};
/* End PBXVariantGroup section */

/* Begin XCBuildConfiguration section */
		D8C0F8DA1C9168CC00FA89C0 /* Debug */ = {
			isa = XCBuildConfiguration;
			buildSettings = {
				ALWAYS_SEARCH_USER_PATHS = NO;
				CLANG_CXX_LANGUAGE_STANDARD = "gnu++0x";
				CLANG_CXX_LIBRARY = "libc++";
				CLANG_ENABLE_MODULES = YES;
				CLANG_ENABLE_OBJC_ARC = YES;
				CLANG_WARN_BOOL_CONVERSION = YES;
				CLANG_WARN_CONSTANT_CONVERSION = YES;
				CLANG_WARN_DIRECT_OBJC_ISA_USAGE = YES_ERROR;
				CLANG_WARN_EMPTY_BODY = YES;
				CLANG_WARN_ENUM_CONVERSION = YES;
				CLANG_WARN_INT_CONVERSION = YES;
				CLANG_WARN_OBJC_ROOT_CLASS = YES_ERROR;
				CLANG_WARN_UNREACHABLE_CODE = YES;
				CLANG_WARN__DUPLICATE_METHOD_MATCH = YES;
				"CODE_SIGN_IDENTITY[sdk=iphoneos*]" = "iPhone Developer";
				COPY_PHASE_STRIP = NO;
				DEBUG_INFORMATION_FORMAT = dwarf;
				ENABLE_STRICT_OBJC_MSGSEND = YES;
				ENABLE_TESTABILITY = YES;
				GCC_C_LANGUAGE_STANDARD = gnu99;
				GCC_DYNAMIC_NO_PIC = NO;
				GCC_NO_COMMON_BLOCKS = YES;
				GCC_OPTIMIZATION_LEVEL = 0;
				GCC_PREPROCESSOR_DEFINITIONS = (
					"DEBUG=1",
					"$(inherited)",
				);
				GCC_WARN_64_TO_32_BIT_CONVERSION = YES;
				GCC_WARN_ABOUT_RETURN_TYPE = YES_ERROR;
				GCC_WARN_UNDECLARED_SELECTOR = YES;
				GCC_WARN_UNINITIALIZED_AUTOS = YES_AGGRESSIVE;
				GCC_WARN_UNUSED_FUNCTION = YES;
				GCC_WARN_UNUSED_VARIABLE = YES;
				IPHONEOS_DEPLOYMENT_TARGET = 9.2;
				MTL_ENABLE_DEBUG_INFO = YES;
				ONLY_ACTIVE_ARCH = YES;
				SDKROOT = iphoneos;
				TARGETED_DEVICE_FAMILY = "1,2";
			};
			name = Debug;
		};
		D8C0F8DB1C9168CC00FA89C0 /* Release */ = {
			isa = XCBuildConfiguration;
			buildSettings = {
				ALWAYS_SEARCH_USER_PATHS = NO;
				CLANG_CXX_LANGUAGE_STANDARD = "gnu++0x";
				CLANG_CXX_LIBRARY = "libc++";
				CLANG_ENABLE_MODULES = YES;
				CLANG_ENABLE_OBJC_ARC = YES;
				CLANG_WARN_BOOL_CONVERSION = YES;
				CLANG_WARN_CONSTANT_CONVERSION = YES;
				CLANG_WARN_DIRECT_OBJC_ISA_USAGE = YES_ERROR;
				CLANG_WARN_EMPTY_BODY = YES;
				CLANG_WARN_ENUM_CONVERSION = YES;
				CLANG_WARN_INT_CONVERSION = YES;
				CLANG_WARN_OBJC_ROOT_CLASS = YES_ERROR;
				CLANG_WARN_UNREACHABLE_CODE = YES;
				CLANG_WARN__DUPLICATE_METHOD_MATCH = YES;
				"CODE_SIGN_IDENTITY[sdk=iphoneos*]" = "iPhone Developer";
				COPY_PHASE_STRIP = NO;
				DEBUG_INFORMATION_FORMAT = "dwarf-with-dsym";
				ENABLE_NS_ASSERTIONS = NO;
				ENABLE_STRICT_OBJC_MSGSEND = YES;
				GCC_C_LANGUAGE_STANDARD = gnu99;
				GCC_NO_COMMON_BLOCKS = YES;
				GCC_WARN_64_TO_32_BIT_CONVERSION = YES;
				GCC_WARN_ABOUT_RETURN_TYPE = YES_ERROR;
				GCC_WARN_UNDECLARED_SELECTOR = YES;
				GCC_WARN_UNINITIALIZED_AUTOS = YES_AGGRESSIVE;
				GCC_WARN_UNUSED_FUNCTION = YES;
				GCC_WARN_UNUSED_VARIABLE = YES;
				IPHONEOS_DEPLOYMENT_TARGET = 9.2;
				MTL_ENABLE_DEBUG_INFO = NO;
				SDKROOT = iphoneos;
				TARGETED_DEVICE_FAMILY = "1,2";
				VALIDATE_PRODUCT = YES;
			};
			name = Release;
		};
		D8C0F8DD1C9168CC00FA89C0 /* Debug */ = {
			isa = XCBuildConfiguration;
			buildSettings = {
				ASSETCATALOG_COMPILER_APPICON_NAME = AppIcon;
				INFOPLIST_FILE = RuntimeDemo/Info.plist;
				LD_RUNPATH_SEARCH_PATHS = "$(inherited) @executable_path/Frameworks";
				PRODUCT_BUNDLE_IDENTIFIER = easywed.cn.RuntimeDemo;
				PRODUCT_NAME = "$(TARGET_NAME)";
			};
			name = Debug;
		};
		D8C0F8DE1C9168CC00FA89C0 /* Release */ = {
			isa = XCBuildConfiguration;
			buildSettings = {
				ASSETCATALOG_COMPILER_APPICON_NAME = AppIcon;
				INFOPLIST_FILE = RuntimeDemo/Info.plist;
				LD_RUNPATH_SEARCH_PATHS = "$(inherited) @executable_path/Frameworks";
				PRODUCT_BUNDLE_IDENTIFIER = easywed.cn.RuntimeDemo;
				PRODUCT_NAME = "$(TARGET_NAME)";
			};
			name = Release;
		};
		D8C0F8E01C9168CC00FA89C0 /* Debug */ = {
			isa = XCBuildConfiguration;
			buildSettings = {
				BUNDLE_LOADER = "$(TEST_HOST)";
				INFOPLIST_FILE = RuntimeDemoTests/Info.plist;
				LD_RUNPATH_SEARCH_PATHS = "$(inherited) @executable_path/Frameworks @loader_path/Frameworks";
				PRODUCT_BUNDLE_IDENTIFIER = easywed.cn.RuntimeDemoTests;
				PRODUCT_NAME = "$(TARGET_NAME)";
				TEST_HOST = "$(BUILT_PRODUCTS_DIR)/RuntimeDemo.app/RuntimeDemo";
			};
			name = Debug;
		};
		D8C0F8E11C9168CC00FA89C0 /* Release */ = {
			isa = XCBuildConfiguration;
			buildSettings = {
				BUNDLE_LOADER = "$(TEST_HOST)";
				INFOPLIST_FILE = RuntimeDemoTests/Info.plist;
				LD_RUNPATH_SEARCH_PATHS = "$(inherited) @executable_path/Frameworks @loader_path/Frameworks";
				PRODUCT_BUNDLE_IDENTIFIER = easywed.cn.RuntimeDemoTests;
				PRODUCT_NAME = "$(TARGET_NAME)";
				TEST_HOST = "$(BUILT_PRODUCTS_DIR)/RuntimeDemo.app/RuntimeDemo";
			};
			name = Release;
		};
		D8C0F8E31C9168CC00FA89C0 /* Debug */ = {
			isa = XCBuildConfiguration;
			buildSettings = {
				INFOPLIST_FILE = RuntimeDemoUITests/Info.plist;
				LD_RUNPATH_SEARCH_PATHS = "$(inherited) @executable_path/Frameworks @loader_path/Frameworks";
				PRODUCT_BUNDLE_IDENTIFIER = easywed.cn.RuntimeDemoUITests;
				PRODUCT_NAME = "$(TARGET_NAME)";
				TEST_TARGET_NAME = RuntimeDemo;
				USES_XCTRUNNER = YES;
			};
			name = Debug;
		};
		D8C0F8E41C9168CC00FA89C0 /* Release */ = {
			isa = XCBuildConfiguration;
			buildSettings = {
				INFOPLIST_FILE = RuntimeDemoUITests/Info.plist;
				LD_RUNPATH_SEARCH_PATHS = "$(inherited) @executable_path/Frameworks @loader_path/Frameworks";
				PRODUCT_BUNDLE_IDENTIFIER = easywed.cn.RuntimeDemoUITests;
				PRODUCT_NAME = "$(TARGET_NAME)";
				TEST_TARGET_NAME = RuntimeDemo;
				USES_XCTRUNNER = YES;
			};
			name = Release;
		};
/* End XCBuildConfiguration section */

/* Begin XCConfigurationList section */
		D8C0F8AA1C9168CC00FA89C0 /* Build configuration list for PBXProject "RuntimeDemo" */ = {
			isa = XCConfigurationList;
			buildConfigurations = (
				D8C0F8DA1C9168CC00FA89C0 /* Debug */,
				D8C0F8DB1C9168CC00FA89C0 /* Release */,
			);
			defaultConfigurationIsVisible = 0;
			defaultConfigurationName = Release;
		};
		D8C0F8DC1C9168CC00FA89C0 /* Build configuration list for PBXNativeTarget "RuntimeDemo" */ = {
			isa = XCConfigurationList;
			buildConfigurations = (
				D8C0F8DD1C9168CC00FA89C0 /* Debug */,
				D8C0F8DE1C9168CC00FA89C0 /* Release */,
			);
			defaultConfigurationIsVisible = 0;
		};
		D8C0F8DF1C9168CC00FA89C0 /* Build configuration list for PBXNativeTarget "RuntimeDemoTests" */ = {
			isa = XCConfigurationList;
			buildConfigurations = (
				D8C0F8E01C9168CC00FA89C0 /* Debug */,
				D8C0F8E11C9168CC00FA89C0 /* Release */,
			);
			defaultConfigurationIsVisible = 0;
		};
		D8C0F8E21C9168CC00FA89C0 /* Build configuration list for PBXNativeTarget "RuntimeDemoUITests" */ = {
			isa = XCConfigurationList;
			buildConfigurations = (
				D8C0F8E31C9168CC00FA89C0 /* Debug */,
				D8C0F8E41C9168CC00FA89C0 /* Release */,
			);
			defaultConfigurationIsVisible = 0;
		};
/* End XCConfigurationList section */
	};
	rootObject = D8C0F8A71C9168CC00FA89C0 /* Project object */;
}
